
Microsoft Visual Studio Solution File, Format Version 12.00
# Visual Studio Version 17
VisualStudioVersion = 17.3.32819.101
MinimumVisualStudioVersion = 10.0.40219.1
Project("{FAE04EC0-301F-11D3-BF4B-00C04F79EFBC}") = "WebApiSorteo", "WebApiSorteo\WebApiSorteo.csproj", "{F5A11B8C-C819-4D19-B5FF-873FF87CAF2A}"
EndProject
Global
	GlobalSection(SolutionConfigurationPlatforms) = preSolution
		Debug|Any CPU = Debug|Any CPU
		Release|Any CPU = Release|Any CPU
	EndGlobalSection
	GlobalSection(ProjectConfigurationPlatforms) = postSolution
		{F5A11B8C-C819-4D19-B5FF-873FF87CAF2A}.Debug|Any CPU.ActiveCfg = Debug|Any CPU
		{F5A11B8C-C819-4D19-B5FF-873FF87CAF2A}.Debug|Any CPU.Build.0 = Debug|Any CPU
		{F5A11B8C-C819-4D19-B5FF-873FF87CAF2A}.Release|Any CPU.ActiveCfg = Release|Any CPU
		{F5A11B8C-C819-4D19-B5FF-873FF87CAF2A}.Release|Any CPU.Build.0 = Release|Any CPU
	EndGlobalSection
	GlobalSection(SolutionProperties) = preSolution
		HideSolutionNode = FALSE
	EndGlobalSection
	GlobalSection(ExtensibilityGlobals) = postSolution
		SolutionGuid = {2B457D40-F71B-436B-B170-CE94D712E447}
	EndGlobalSection
EndGlobal
